// !$*UTF8*$!
{
	archiveVersion = 1;
	classes = {
	};
	objectVersion = 46;
	objects = {

/* Begin PBXBuildFile section */
		1AE28DBD15DDAC0300D52281 /* UIKit.framework in Frameworks */ = {isa = PBXBuildFile; fileRef = 1AE28DBC15DDAC0300D52281 /* UIKit.framework */; };
		1AE28DBF15DDAC0300D52281 /* Foundation.framework in Frameworks */ = {isa = PBXBuildFile; fileRef = 1AE28DBE15DDAC0300D52281 /* Foundation.framework */; };
		1AE28DC115DDAC0300D52281 /* CoreGraphics.framework in Frameworks */ = {isa = PBXBuildFile; fileRef = 1AE28DC015DDAC0300D52281 /* CoreGraphics.framework */; };
		1AE28DC715DDAC0300D52281 /* InfoPlist.strings in Resources */ = {isa = PBXBuildFile; fileRef = 1AE28DC515DDAC0300D52281 /* InfoPlist.strings */; };
		1AE28DC915DDAC0300D52281 /* main.m in Sources */ = {isa = PBXBuildFile; fileRef = 1AE28DC815DDAC0300D52281 /* main.m */; };
		1AE28DCD15DDAC0300D52281 /* MPAppDelegate.m in Sources */ = {isa = PBXBuildFile; fileRef = 1AE28DCC15DDAC0300D52281 /* MPAppDelegate.m */; };
		1AE28DDE15DDAC4D00D52281 /* Accelerate.framework in Frameworks */ = {isa = PBXBuildFile; fileRef = 1AE28DDA15DDAC4D00D52281 /* Accelerate.framework */; };
		1AE28DDF15DDAC4D00D52281 /* AVFoundation.framework in Frameworks */ = {isa = PBXBuildFile; fileRef = 1AE28DDB15DDAC4D00D52281 /* AVFoundation.framework */; };
		1AE28DE015DDAC4D00D52281 /* CoreMedia.framework in Frameworks */ = {isa = PBXBuildFile; fileRef = 1AE28DDC15DDAC4D00D52281 /* CoreMedia.framework */; };
		1AE28DE115DDAC4D00D52281 /* CoreVideo.framework in Frameworks */ = {isa = PBXBuildFile; fileRef = 1AE28DDD15DDAC4D00D52281 /* CoreVideo.framework */; };
		1AE28DE515DDAD1100D52281 /* MPMainViewController.mm in Sources */ = {isa = PBXBuildFile; fileRef = 1AE28DE315DDAD1100D52281 /* MPMainViewController.mm */; };
		1AE28DE615DDAD1100D52281 /* MPMainViewController.xib in Resources */ = {isa = PBXBuildFile; fileRef = 1AE28DE415DDAD1100D52281 /* MPMainViewController.xib */; };
		1AE28DE715DDAD7F00D52281 /* MPVideoProcessor.m in Sources */ = {isa = PBXBuildFile; fileRef = 1AE28DD915DDAC3500D52281 /* MPVideoProcessor.m */; };
/* End PBXBuildFile section */

/* Begin PBXFileReference section */
		1AE28DB815DDAC0300D52281 /* MPVideoProcessor.app */ = {isa = PBXFileReference; explicitFileType = wrapper.application; includeInIndex = 0; path = MPVideoProcessor.app; sourceTree = BUILT_PRODUCTS_DIR; };
		1AE28DBC15DDAC0300D52281 /* UIKit.framework */ = {isa = PBXFileReference; lastKnownFileType = wrapper.framework; name = UIKit.framework; path = System/Library/Frameworks/UIKit.framework; sourceTree = SDKROOT; };
		1AE28DBE15DDAC0300D52281 /* Foundation.framework */ = {isa = PBXFileReference; lastKnownFileType = wrapper.framework; name = Foundation.framework; path = System/Library/Frameworks/Foundation.framework; sourceTree = SDKROOT; };
		1AE28DC015DDAC0300D52281 /* CoreGraphics.framework */ = {isa = PBXFileReference; lastKnownFileType = wrapper.framework; name = CoreGraphics.framework; path = System/Library/Frameworks/CoreGraphics.framework; sourceTree = SDKROOT; };
		1AE28DC415DDAC0300D52281 /* MPVideoProcessor-Info.plist */ = {isa = PBXFileReference; lastKnownFileType = text.plist.xml; path = "MPVideoProcessor-Info.plist"; sourceTree = "<group>"; };
		1AE28DC615DDAC0300D52281 /* en */ = {isa = PBXFileReference; lastKnownFileType = text.plist.strings; name = en; path = en.lproj/InfoPlist.strings; sourceTree = "<group>"; };
		1AE28DC815DDAC0300D52281 /* main.m */ = {isa = PBXFileReference; lastKnownFileType = sourcecode.c.objc; path = main.m; sourceTree = "<group>"; };
		1AE28DCA15DDAC0300D52281 /* MPVideoProcessor-Prefix.pch */ = {isa = PBXFileReference; lastKnownFileType = sourcecode.c.h; path = "MPVideoProcessor-Prefix.pch"; sourceTree = "<group>"; };
		1AE28DCB15DDAC0300D52281 /* MPAppDelegate.h */ = {isa = PBXFileReference; lastKnownFileType = sourcecode.c.h; path = MPAppDelegate.h; sourceTree = "<group>"; };
		1AE28DCC15DDAC0300D52281 /* MPAppDelegate.m */ = {isa = PBXFileReference; lastKnownFileType = sourcecode.c.objc; path = MPAppDelegate.m; sourceTree = "<group>"; };
		1AE28DD815DDAC3500D52281 /* MPVideoProcessor.h */ = {isa = PBXFileReference; lastKnownFileType = sourcecode.c.h; path = MPVideoProcessor.h; sourceTree = "<group>"; };
		1AE28DD915DDAC3500D52281 /* MPVideoProcessor.m */ = {isa = PBXFileReference; lastKnownFileType = sourcecode.c.objc; path = MPVideoProcessor.m; sourceTree = "<group>"; };
		1AE28DDA15DDAC4D00D52281 /* Accelerate.framework */ = {isa = PBXFileReference; lastKnownFileType = wrapper.framework; name = Accelerate.framework; path = System/Library/Frameworks/Accelerate.framework; sourceTree = SDKROOT; };
		1AE28DDB15DDAC4D00D52281 /* AVFoundation.framework */ = {isa = PBXFileReference; lastKnownFileType = wrapper.framework; name = AVFoundation.framework; path = System/Library/Frameworks/AVFoundation.framework; sourceTree = SDKROOT; };
		1AE28DDC15DDAC4D00D52281 /* CoreMedia.framework */ = {isa = PBXFileReference; lastKnownFileType = wrapper.framework; name = CoreMedia.framework; path = System/Library/Frameworks/CoreMedia.framework; sourceTree = SDKROOT; };
		1AE28DDD15DDAC4D00D52281 /* CoreVideo.framework */ = {isa = PBXFileReference; lastKnownFileType = wrapper.framework; name = CoreVideo.framework; path = System/Library/Frameworks/CoreVideo.framework; sourceTree = SDKROOT; };
		1AE28DE215DDAD1100D52281 /* MPMainViewController.h */ = {isa = PBXFileReference; fileEncoding = 4; lastKnownFileType = sourcecode.c.h; path = MPMainViewController.h; sourceTree = "<group>"; };
		1AE28DE315DDAD1100D52281 /* MPMainViewController.mm */ = {isa = PBXFileReference; fileEncoding = 4; lastKnownFileType = sourcecode.cpp.objcpp; path = MPMainViewController.mm; sourceTree = "<group>"; };
		1AE28DE415DDAD1100D52281 /* MPMainViewController.xib */ = {isa = PBXFileReference; fileEncoding = 4; lastKnownFileType = file.xib; path = MPMainViewController.xib; sourceTree = "<group>"; };
/* End PBXFileReference section */

/* Begin PBXFrameworksBuildPhase section */
		1AE28DB515DDAC0300D52281 /* Frameworks */ = {
			isa = PBXFrameworksBuildPhase;
			buildActionMask = 2147483647;
			files = (
				1AE28DDE15DDAC4D00D52281 /* Accelerate.framework in Frameworks */,
				1AE28DDF15DDAC4D00D52281 /* AVFoundation.framework in Frameworks */,
				1AE28DE015DDAC4D00D52281 /* CoreMedia.framework in Frameworks */,
				1AE28DE115DDAC4D00D52281 /* CoreVideo.framework in Frameworks */,
				1AE28DBD15DDAC0300D52281 /* UIKit.framework in Frameworks */,
				1AE28DBF15DDAC0300D52281 /* Foundation.framework in Frameworks */,
				1AE28DC115DDAC0300D52281 /* CoreGraphics.framework in Frameworks */,
			);
			runOnlyForDeploymentPostprocessing = 0;
		};
/* End PBXFrameworksBuildPhase section */

/* Begin PBXGroup section */
		1AE28DAD15DDAC0300D52281 = {
			isa = PBXGroup;
			children = (
				1AE28DC215DDAC0300D52281 /* MPVideoProcessor */,
				1AE28DBB15DDAC0300D52281 /* Frameworks */,
				1AE28DB915DDAC0300D52281 /* Products */,
			);
			sourceTree = "<group>";
		};
		1AE28DB915DDAC0300D52281 /* Products */ = {
			isa = PBXGroup;
			children = (
				1AE28DB815DDAC0300D52281 /* MPVideoProcessor.app */,
			);
			name = Products;
			sourceTree = "<group>";
		};
		1AE28DBB15DDAC0300D52281 /* Frameworks */ = {
			isa = PBXGroup;
			children = (
				1AE28DDA15DDAC4D00D52281 /* Accelerate.framework */,
				1AE28DDB15DDAC4D00D52281 /* AVFoundation.framework */,
				1AE28DDC15DDAC4D00D52281 /* CoreMedia.framework */,
				1AE28DDD15DDAC4D00D52281 /* CoreVideo.framework */,
				1AE28DBC15DDAC0300D52281 /* UIKit.framework */,
				1AE28DBE15DDAC0300D52281 /* Foundation.framework */,
				1AE28DC015DDAC0300D52281 /* CoreGraphics.framework */,
			);
			name = Frameworks;
			sourceTree = "<group>";
		};
		1AE28DC215DDAC0300D52281 /* MPVideoProcessor */ = {
			isa = PBXGroup;
			children = (
				1AE28DD715DDAC1900D52281 /* MPVideoProcessor */,
				1AE28DCB15DDAC0300D52281 /* MPAppDelegate.h */,
				1AE28DCC15DDAC0300D52281 /* MPAppDelegate.m */,
				1AE28DE215DDAD1100D52281 /* MPMainViewController.h */,
				1AE28DE315DDAD1100D52281 /* MPMainViewController.mm */,
				1AE28DE415DDAD1100D52281 /* MPMainViewController.xib */,
				1AE28DC315DDAC0300D52281 /* Supporting Files */,
			);
			path = MPVideoProcessor;
			sourceTree = "<group>";
		};
		1AE28DC315DDAC0300D52281 /* Supporting Files */ = {
			isa = PBXGroup;
			children = (
				1AE28DC415DDAC0300D52281 /* MPVideoProcessor-Info.plist */,
				1AE28DC515DDAC0300D52281 /* InfoPlist.strings */,
				1AE28DC815DDAC0300D52281 /* main.m */,
				1AE28DCA15DDAC0300D52281 /* MPVideoProcessor-Prefix.pch */,
			);
			name = "Supporting Files";
			sourceTree = "<group>";
		};
		1AE28DD715DDAC1900D52281 /* MPVideoProcessor */ = {
			isa = PBXGroup;
			children = (
				1AE28DD815DDAC3500D52281 /* MPVideoProcessor.h */,
				1AE28DD915DDAC3500D52281 /* MPVideoProcessor.m */,
			);
			name = MPVideoProcessor;
			sourceTree = "<group>";
		};
/* End PBXGroup section */

/* Begin PBXNativeTarget section */
		1AE28DB715DDAC0300D52281 /* MPVideoProcessor */ = {
			isa = PBXNativeTarget;
			buildConfigurationList = 1AE28DD015DDAC0300D52281 /* Build configuration list for PBXNativeTarget "MPVideoProcessor" */;
			buildPhases = (
				1AE28DB415DDAC0300D52281 /* Sources */,
				1AE28DB515DDAC0300D52281 /* Frameworks */,
				1AE28DB615DDAC0300D52281 /* Resources */,
			);
			buildRules = (
			);
			dependencies = (
			);
			name = MPVideoProcessor;
			productName = MPVideoProcessor;
			productReference = 1AE28DB815DDAC0300D52281 /* MPVideoProcessor.app */;
			productType = "com.apple.product-type.application";
		};
/* End PBXNativeTarget section */

/* Begin PBXProject section */
		1AE28DAF15DDAC0300D52281 /* Project object */ = {
			isa = PBXProject;
			attributes = {
				CLASSPREFIX = MP;
				LastUpgradeCheck = 0440;
				ORGANIZATIONNAME = "Haoxiang Li";
			};
			buildConfigurationList = 1AE28DB215DDAC0300D52281 /* Build configuration list for PBXProject "MPVideoProcessor" */;
			compatibilityVersion = "Xcode 3.2";
			developmentRegion = English;
			hasScannedForEncodings = 0;
			knownRegions = (
				en,
			);
			mainGroup = 1AE28DAD15DDAC0300D52281;
			productRefGroup = 1AE28DB915DDAC0300D52281 /* Products */;
			projectDirPath = "";
			projectRoot = "";
			targets = (
				1AE28DB715DDAC0300D52281 /* MPVideoProcessor */,
			);
		};
/* End PBXProject section */

/* Begin PBXResourcesBuildPhase section */
		1AE28DB615DDAC0300D52281 /* Resources */ = {
			isa = PBXResourcesBuildPhase;
			buildActionMask = 2147483647;
			files = (
				1AE28DC715DDAC0300D52281 /* InfoPlist.strings in Resources */,
				1AE28DE615DDAD1100D52281 /* MPMainViewController.xib in Resources */,
			);
			runOnlyForDeploymentPostprocessing = 0;
		};
/* End PBXResourcesBuildPhase section */

/* Begin PBXSourcesBuildPhase section */
		1AE28DB415DDAC0300D52281 /* Sources */ = {
			isa = PBXSourcesBuildPhase;
			buildActionMask = 2147483647;
			files = (
				1AE28DC915DDAC0300D52281 /* main.m in Sources */,
				1AE28DCD15DDAC0300D52281 /* MPAppDelegate.m in Sources */,
				1AE28DE515DDAD1100D52281 /* MPMainViewController.mm in Sources */,
				1AE28DE715DDAD7F00D52281 /* MPVideoProcessor.m in Sources */,
			);
			runOnlyForDeploymentPostprocessing = 0;
		};
/* End PBXSourcesBuildPhase section */

/* Begin PBXVariantGroup section */
		1AE28DC515DDAC0300D52281 /* InfoPlist.strings */ = {
			isa = PBXVariantGroup;
			children = (
				1AE28DC615DDAC0300D52281 /* en */,
			);
			name = InfoPlist.strings;
			sourceTree = "<group>";
		};
/* End PBXVariantGroup section */

/* Begin XCBuildConfiguration section */
		1AE28DCE15DDAC0300D52281 /* Debug */ = {
			isa = XCBuildConfiguration;
			buildSettings = {
				ALWAYS_SEARCH_USER_PATHS = NO;
				ARCHS = "$(ARCHS_STANDARD_32_BIT)";
				CLANG_CXX_LANGUAGE_STANDARD = "gnu++0x";
				CLANG_ENABLE_OBJC_ARC = YES;
				CLANG_WARN__DUPLICATE_METHOD_MATCH = YES;
				"CODE_SIGN_IDENTITY[sdk=iphoneos*]" = "iPhone Developer";
				COPY_PHASE_STRIP = NO;
				GCC_C_LANGUAGE_STANDARD = gnu99;
				GCC_DYNAMIC_NO_PIC = NO;
				GCC_OPTIMIZATION_LEVEL = 0;
				GCC_PREPROCESSOR_DEFINITIONS = (
					"DEBUG=1",
					"$(inherited)",
				);
				GCC_SYMBOLS_PRIVATE_EXTERN = NO;
				GCC_VERSION = com.apple.compilers.llvm.clang.1_0;
				GCC_WARN_ABOUT_RETURN_TYPE = YES;
				GCC_WARN_UNINITIALIZED_AUTOS = YES;
				GCC_WARN_UNUSED_VARIABLE = YES;
				IPHONEOS_DEPLOYMENT_TARGET = 5.1;
				SDKROOT = iphoneos;
			};
			name = Debug;
		};
		1AE28DCF15DDAC0300D52281 /* Release */ = {
			isa = XCBuildConfiguration;
			buildSettings = {
				ALWAYS_SEARCH_USER_PATHS = NO;
				ARCHS = "$(ARCHS_STANDARD_32_BIT)";
				CLANG_CXX_LANGUAGE_STANDARD = "gnu++0x";
				CLANG_ENABLE_OBJC_ARC = YES;
				CLANG_WARN__DUPLICATE_METHOD_MATCH = YES;
				"CODE_SIGN_IDENTITY[sdk=iphoneos*]" = "iPhone Developer";
				COPY_PHASE_STRIP = YES;
				GCC_C_LANGUAGE_STANDARD = gnu99;
				GCC_VERSION = com.apple.compilers.llvm.clang.1_0;
				GCC_WARN_ABOUT_RETURN_TYPE = YES;
				GCC_WARN_UNINITIALIZED_AUTOS = YES;
				GCC_WARN_UNUSED_VARIABLE = YES;
				IPHONEOS_DEPLOYMENT_TARGET = 5.1;
				OTHER_CFLAGS = "-DNS_BLOCK_ASSERTIONS=1";
				SDKROOT = iphoneos;
				VALIDATE_PRODUCT = YES;
			};
			name = Release;
		};
		1AE28DD115DDAC0300D52281 /* Debug */ = {
			isa = XCBuildConfiguration;
			buildSettings = {
				GCC_PRECOMPILE_PREFIX_HEADER = YES;
				GCC_PREFIX_HEADER = "MPVideoProcessor/MPVideoProcessor-Prefix.pch";
				INFOPLIST_FILE = "MPVideoProcessor/MPVideoProcessor-Info.plist";
				PRODUCT_NAME = "$(TARGET_NAME)";
				WRAPPER_EXTENSION = app;
			};
			name = Debug;
		};
		1AE28DD215DDAC0300D52281 /* Release */ = {
			isa = XCBuildConfiguration;
			buildSettings = {
				GCC_PRECOMPILE_PREFIX_HEADER = YES;
				GCC_PREFIX_HEADER = "MPVideoProcessor/MPVideoProcessor-Prefix.pch";
				INFOPLIST_FILE = "MPVideoProcessor/MPVideoProcessor-Info.plist";
				PRODUCT_NAME = "$(TARGET_NAME)";
				WRAPPER_EXTENSION = app;
			};
			name = Release;
		};
/* End XCBuildConfiguration section */

/* Begin XCConfigurationList section */
		1AE28DB215DDAC0300D52281 /* Build configuration list for PBXProject "MPVideoProcessor" */ = {
			isa = XCConfigurationList;
			buildConfigurations = (
				1AE28DCE15DDAC0300D52281 /* Debug */,
				1AE28DCF15DDAC0300D52281 /* Release */,
			);
			defaultConfigurationIsVisible = 0;
			defaultConfigurationName = Release;
		};
		1AE28DD015DDAC0300D52281 /* Build configuration list for PBXNativeTarget "MPVideoProcessor" */ = {
			isa = XCConfigurationList;
			buildConfigurations = (
				1AE28DD115DDAC0300D52281 /* Debug */,
				1AE28DD215DDAC0300D52281 /* Release */,
			);
			defaultConfigurationIsVisible = 0;
		};
/* End XCConfigurationList section */
	};
	rootObject = 1AE28DAF15DDAC0300D52281 /* Project object */;
}
